# This file is automatically @generated by Poetry 1.5.1 and should not be changed by hand.

[[package]]
name = "asgiref"
version = "3.7.2"
description = "ASGI specs, helper code, and adapters"
optional = false
python-versions = ">=3.7"
files = [
    {file = "asgiref-3.7.2-py3-none-any.whl", hash = "sha256:89b2ef2247e3b562a16eef663bc0e2e703ec6468e2fa8a5cd61cd449786d4f6e"},
    {file = "asgiref-3.7.2.tar.gz", hash = "sha256:9e0ce3aa93a819ba5b45120216b23878cf6e8525eb3848653452b4192b92afed"},
]

[package.dependencies]
typing-extensions = {version = ">=4", markers = "python_version < \"3.11\""}

[package.extras]
tests = ["mypy (>=0.800)", "pytest", "pytest-asyncio"]

[[package]]
name = "django"
version = "4.0"
description = "A high-level Python web framework that encourages rapid development and clean, pragmatic design."
optional = false
python-versions = ">=3.8"
files = [
    {file = "Django-4.0-py3-none-any.whl", hash = "sha256:59304646ebc6a77b9b6a59adc67d51ecb03c5e3d63ed1f14c909cdfda84e8010"},
    {file = "Django-4.0.tar.gz", hash = "sha256:d5a8a14da819a8b9237ee4d8c78dfe056ff6e8a7511987be627192225113ee75"},
]

[package.dependencies]
asgiref = ">=3.4.1,<4"
sqlparse = ">=0.2.2"
tzdata = {version = "*", markers = "sys_platform == \"win32\""}

[package.extras]
argon2 = ["argon2-cffi (>=19.1.0)"]
bcrypt = ["bcrypt"]

[[package]]
name = "psycopg-binary"
version = "3.1.12"
description = "PostgreSQL database adapter for Python -- C optimisation distribution"
optional = false
python-versions = ">=3.7"
files = [
    {file = "psycopg_binary-3.1.12-cp310-cp310-macosx_10_9_x86_64.whl", hash = "sha256:29a69f62aae8617361376d9ed1e34966ae9c3a74c4ab3aa430a7ce0c11530862"},
    {file = "psycopg_binary-3.1.12-cp310-cp310-macosx_11_0_arm64.whl", hash = "sha256:7308316fdb6796399041b80db0ab9f356504ed26427e46834ade82ba94b067ce"},
    {file = "psycopg_binary-3.1.12-cp310-cp310-manylinux_2_17_aarch64.manylinux2014_aarch64.whl", hash = "sha256:130752b9b2f8d071f179e257b9698cedfe4546be81ad5ecd8ed52cf9d725580d"},
    {file = "psycopg_binary-3.1.12-cp310-cp310-manylinux_2_17_i686.manylinux2014_i686.whl", hash = "sha256:45bcecc96a6e6fe11e06b75f7ba8005d6f717f16fae7ab1cf5a0aec5191f87c3"},
    {file = "psycopg_binary-3.1.12-cp310-cp310-manylinux_2_17_ppc64le.manylinux2014_ppc64le.whl", hash = "sha256:bc3f0fcc4fcccffda2450c725bee9fad73bc6c110cfbe3b8a777063845d9c6b9"},
    {file = "psycopg_binary-3.1.12-cp310-cp310-manylinux_2_17_x86_64.manylinux2014_x86_64.whl", hash = "sha256:f93749f0fe69cfbfec22af690bb4b241f1a4347c57be26fe2e5b70588f7d602f"},
    {file = "psycopg_binary-3.1.12-cp310-cp310-musllinux_1_1_aarch64.whl", hash = "sha256:36147f708cc6a9d74c2b8d880f8dd3a6d53364b5c487536adaa022d435c90733"},
    {file = "psycopg_binary-3.1.12-cp310-cp310-musllinux_1_1_i686.whl", hash = "sha256:2bbcc6fbabc2b92d18d955d9fa104fd9d8bd2dcb97a279c4e788c6b714ffd1af"},
    {file = "psycopg_binary-3.1.12-cp310-cp310-musllinux_1_1_ppc64le.whl", hash = "sha256:0dee8a1ecc501d9c3db06d08184712459bbb5806a09121c3a25e8cbe91e234d7"},
    {file = "psycopg_binary-3.1.12-cp310-cp310-musllinux_1_1_x86_64.whl", hash = "sha256:49d6acf228edb5bd9000735b89b780b18face776d081b905cf68e149d57dfcc1"},
    {file = "psycopg_binary-3.1.12-cp310-cp310-win_amd64.whl", hash = "sha256:ee65335781a54f29f4abc28060a6188c41bdd42fdc3cbc1dd84695ed8ef18321"},
    {file = "psycopg_binary-3.1.12-cp311-cp311-macosx_10_9_x86_64.whl", hash = "sha256:d401722aa38bda64d1ba8293f6dad99f6f684711e2c016a93f138f2bbcff2a4b"},
    {file = "psycopg_binary-3.1.12-cp311-cp311-macosx_11_0_arm64.whl", hash = "sha256:46eac158e8e794d9414a8fe7706beeee9b1ecc4accbea914314825ace8137105"},
    {file = "psycopg_binary-3.1.12-cp311-cp311-manylinux_2_17_aarch64.manylinux2014_aarch64.whl", hash = "sha256:3f017400679aa38f6cb22b888b8ec198a5b100ec2132e6b3bcfa797b14b5b438"},
    {file = "psycopg_binary-3.1.12-cp311-cp311-manylinux_2_17_i686.manylinux2014_i686.whl", hash = "sha256:d176c4614f5208ab9938d5426d61627c8fbc7f8dab53fef42c8bf2ab8605aa51"},
    {file = "psycopg_binary-3.1.12-cp311-cp311-manylinux_2_17_ppc64le.manylinux2014_ppc64le.whl", hash = "sha256:c48c4f3fcfd9e75e3fdb18eea320de591e06059a859280ec26ce8d753299353d"},
    {file = "psycopg_binary-3.1.12-cp311-cp311-manylinux_2_17_x86_64.manylinux2014_x86_64.whl", hash = "sha256:98fce28d8136bdd883f20d26467bf259b5fb559eb64d8f83695690714cdfdad3"},
    {file = "psycopg_binary-3.1.12-cp311-cp311-musllinux_1_1_aarch64.whl", hash = "sha256:e4a0f44bc29fc1b56ee1c865796cbe354078ee1e985f898e4915db185055bf7d"},
    {file = "psycopg_binary-3.1.12-cp311-cp311-musllinux_1_1_i686.whl", hash = "sha256:6def4f238ca02d6b42336b405d02729c081c978cda9b6ba7549a9c63a91ba823"},
    {file = "psycopg_binary-3.1.12-cp311-cp311-musllinux_1_1_ppc64le.whl", hash = "sha256:000838cb5ab7851116b462e58893a96b0f1e35864135a6283f3242a730ec45d3"},
    {file = "psycopg_binary-3.1.12-cp311-cp311-musllinux_1_1_x86_64.whl", hash = "sha256:e7949e1aefe339f04dbecac6aa036c9cd137a58f966c4b96ab933823c340ee12"},
    {file = "psycopg_binary-3.1.12-cp311-cp311-win_amd64.whl", hash = "sha256:b32922872460575083487de41e17e8cf308c3550da02c704efe42960bc6c19de"},
    {file = "psycopg_binary-3.1.12-cp312-cp312-macosx_10_9_x86_64.whl", hash = "sha256:70054ada2f890d004dc3d5ff908e34aecb085fd599d40db2975c09a39c50dfc3"},
    {file = "psycopg_binary-3.1.12-cp312-cp312-macosx_11_0_arm64.whl", hash = "sha256:7544d6d74f5b5f9daafe8a4ed7d266787d62a2bf16f5120c45d42d1f4a856bc8"},
    {file = "psycopg_binary-3.1.12-cp312-cp312-manylinux_2_17_aarch64.manylinux2014_aarch64.whl", hash = "sha256:43197161099cb4e36a9ca44c10657908b619d7263ffcff30932ad4627430dc3c"},
    {file = "psycopg_binary-3.1.12-cp312-cp312-manylinux_2_17_i686.manylinux2014_i686.whl", hash = "sha256:68398cdf3aedd4042b1126b9aba34615f1ab592831483282f19f0159fce5ca75"},
    {file = "psycopg_binary-3.1.12-cp312-cp312-manylinux_2_17_ppc64le.manylinux2014_ppc64le.whl", hash = "sha256:77ae6cda3ffee2425aca9ea7af57296d0c701e2ac5897b48b95dfee050234592"},
    {file = "psycopg_binary-3.1.12-cp312-cp312-manylinux_2_17_x86_64.manylinux2014_x86_64.whl", hash = "sha256:278e8888e90fb6ebd7eae8ccb85199eafd712b734e641e0d40f2a903e946102d"},
    {file = "psycopg_binary-3.1.12-cp312-cp312-musllinux_1_1_aarch64.whl", hash = "sha256:047c4ba8d3089465b0a69c4c669128df43403867858d78da6b40b33788bfa89f"},
    {file = "psycopg_binary-3.1.12-cp312-cp312-musllinux_1_1_i686.whl", hash = "sha256:8248b11ac490bb74de80457ab0e9cef31c08164ff7b867031927a17e5c9e19ed"},
    {file = "psycopg_binary-3.1.12-cp312-cp312-musllinux_1_1_ppc64le.whl", hash = "sha256:6979c02acb9783c6134ee516751b8f891a2d4db7f73ebecc9e92750283d6fb99"},
    {file = "psycopg_binary-3.1.12-cp312-cp312-musllinux_1_1_x86_64.whl", hash = "sha256:eaf2375b724ad61ee82a5c2a849e57b12b3cb510ec8845084132bbb907cb3335"},
    {file = "psycopg_binary-3.1.12-cp312-cp312-win_amd64.whl", hash = "sha256:6177cfa6f872a9cc84dbfc7dc163af6ef01639c50acc9a441673f29c2305c37a"},
    {file = "psycopg_binary-3.1.12-cp37-cp37m-macosx_10_9_x86_64.whl", hash = "sha256:b81427fd5a97c9b4ac12f3b8d985870b0c3866b5fc2e72e51cacd3630ffd6466"},
    {file = "psycopg_binary-3.1.12-cp37-cp37m-manylinux_2_17_aarch64.manylinux2014_aarch64.whl", hash = "sha256:3f17a2c393879aa54f840540009d0e70a30d22ffa0038d81e258ac2c99b15d74"},
    {file = "psycopg_binary-3.1.12-cp37-cp37m-manylinux_2_17_i686.manylinux2014_i686.whl", hash = "sha256:6c6a5d125a61101ef5ab7384206e43952fe2a5fca997b96d28a28a752512f900"},
    {file = "psycopg_binary-3.1.12-cp37-cp37m-manylinux_2_17_ppc64le.manylinux2014_ppc64le.whl", hash = "sha256:942a18df448a33d77aa7dff7e93062ace7926608a965db003622cb5f27910ba2"},
    {file = "psycopg_binary-3.1.12-cp37-cp37m-manylinux_2_17_x86_64.manylinux2014_x86_64.whl", hash = "sha256:3195baff3e3e5d71828400d38af0ffc5a15d7dca2bfaadc9eb615235774b9290"},
    {file = "psycopg_binary-3.1.12-cp37-cp37m-musllinux_1_1_aarch64.whl", hash = "sha256:f26bb34e0e9bb83fba00c4835f91f5c5348cdf689df8c8b503571c0d0027c8f5"},
    {file = "psycopg_binary-3.1.12-cp37-cp37m-musllinux_1_1_i686.whl", hash = "sha256:104bdc85c5c4884b3f900155b635588a28740f561b32a3e27c38bcd249feba41"},
    {file = "psycopg_binary-3.1.12-cp37-cp37m-musllinux_1_1_ppc64le.whl", hash = "sha256:53464cb71e06faac479f44b8870f115004187e1dfb299b9725d1d7f85d9e5479"},
    {file = "psycopg_binary-3.1.12-cp37-cp37m-musllinux_1_1_x86_64.whl", hash = "sha256:052835aac03ee6a9d5b6fe35c468da79084ebe38709e6d3c24ff5b9422fb2947"},
    {file = "psycopg_binary-3.1.12-cp37-cp37m-win_amd64.whl", hash = "sha256:a21a7fffec1a225b26d72adb960d771fc5a9aba8e1f7dd710abcaa9a980e9740"},
    {file = "psycopg_binary-3.1.12-cp38-cp38-macosx_10_9_x86_64.whl", hash = "sha256:6925a543e88cdfd1a2f679c7a33c08f107de60728a4a3c52f88d4491d40a7f51"},
    {file = "psycopg_binary-3.1.12-cp38-cp38-macosx_11_0_arm64.whl", hash = "sha256:b04957bd5caff94eac38306357b6d448dd20a6f68fd998e115e3731a55118d83"},
    {file = "psycopg_binary-3.1.12-cp38-cp38-manylinux_2_17_aarch64.manylinux2014_aarch64.whl", hash = "sha256:f6f55979804853efa5ce84d7ef59ff3772e0823247497f7d4a6870e6527fd791"},
    {file = "psycopg_binary-3.1.12-cp38-cp38-manylinux_2_17_i686.manylinux2014_i686.whl", hash = "sha256:7d343e1f564fdc8964e1c08b8a6c1f6ebf4b45ee5631b5241c9cbac793f4500c"},
    {file = "psycopg_binary-3.1.12-cp38-cp38-manylinux_2_17_ppc64le.manylinux2014_ppc64le.whl", hash = "sha256:48c4ba35f717783327931aa9da6e6aab81b6b90f3e6b902b18e269d73e7d0882"},
    {file = "psycopg_binary-3.1.12-cp38-cp38-manylinux_2_17_x86_64.manylinux2014_x86_64.whl", hash = "sha256:d77c95d6086e0714225764772bf8110bb29dfbc6c32aa56e725a01998ce20e7c"},
    {file = "psycopg_binary-3.1.12-cp38-cp38-musllinux_1_1_aarch64.whl", hash = "sha256:6dea80e65c7a97150d555b64744e7279ff4c6b259d27580b756a5b282a7d44e3"},
    {file = "psycopg_binary-3.1.12-cp38-cp38-musllinux_1_1_i686.whl", hash = "sha256:03a851123d0155e1d6ca5b6cccf624e2fc71c8f7eae76f5100196e0fca047d30"},
    {file = "psycopg_binary-3.1.12-cp38-cp38-musllinux_1_1_ppc64le.whl", hash = "sha256:99ad07b9ef5853713bb63c55e179af52994e96f445c5d66b87d8b986182922ef"},
    {file = "psycopg_binary-3.1.12-cp38-cp38-musllinux_1_1_x86_64.whl", hash = "sha256:4441d0f8ecae499a6ac5c79078c9fcd406c0bf70e72cb6cba888aca51aa46943"},
    {file = "psycopg_binary-3.1.12-cp38-cp38-win_amd64.whl", hash = "sha256:cb45a709b966583773acc3418fffbf6d73b014943b6efceca6a7d3ca960956cf"},
    {file = "psycopg_binary-3.1.12-cp39-cp39-macosx_10_9_x86_64.whl", hash = "sha256:5112245daf98e22046316e72690689a8952a9b078908206a6b16cd28d84cde7c"},
    {file = "psycopg_binary-3.1.12-cp39-cp39-macosx_11_0_arm64.whl", hash = "sha256:c2eb94bf0bd653c940517cd92dc4f98c85d505f69013b247dda747413bcf0a8b"},
    {file = "psycopg_binary-3.1.12-cp39-cp39-manylinux_2_17_aarch64.manylinux2014_aarch64.whl", hash = "sha256:d41b03ce52a109858735ac19fe0295e3f77bef0388d6a3e105074ad68f4a9645"},
    {file = "psycopg_binary-3.1.12-cp39-cp39-manylinux_2_17_i686.manylinux2014_i686.whl", hash = "sha256:4fddc3c9beaf745de3da10230f0144a4c667b21c3f7a94a3bb1fb004954c9810"},
    {file = "psycopg_binary-3.1.12-cp39-cp39-manylinux_2_17_ppc64le.manylinux2014_ppc64le.whl", hash = "sha256:c5987616698c895ae079fb5e26811b72948cb3b75c2c690446379298e96c1568"},
    {file = "psycopg_binary-3.1.12-cp39-cp39-manylinux_2_17_x86_64.manylinux2014_x86_64.whl", hash = "sha256:f4ae45d58bd79795a2d23d05be5496b226b09ac2688b9ed9808e13c345e2d542"},
    {file = "psycopg_binary-3.1.12-cp39-cp39-musllinux_1_1_aarch64.whl", hash = "sha256:bb98252ac8ba41a121f88979e4232ffc1d6722c953531cbdae2b328322308581"},
    {file = "psycopg_binary-3.1.12-cp39-cp39-musllinux_1_1_i686.whl", hash = "sha256:ca09e4937c9db24a58951ee9aea7aae7bca11a954b30c59f3b271e9bdebd80d7"},
    {file = "psycopg_binary-3.1.12-cp39-cp39-musllinux_1_1_ppc64le.whl", hash = "sha256:03e321e149d051daa20892ed1bb3beabf0aae98a8c37da30ec80fa12306f9ba9"},
    {file = "psycopg_binary-3.1.12-cp39-cp39-musllinux_1_1_x86_64.whl", hash = "sha256:d819cb43cccc10ba501b9d462409fcaaeb19f77b8379b2e7ca0ced4a49446d4a"},
    {file = "psycopg_binary-3.1.12-cp39-cp39-win_amd64.whl", hash = "sha256:c9eb2ba27760bc1303f0708ba95b9e4f3f3b77a081ef4f7f53375c71da3a1bee"},
]

[[package]]
name = "python-dotenv"
version = "1.0.0"
description = "Read key-value pairs from a .env file and set them as environment variables"
optional = false
python-versions = ">=3.8"
files = [
    {file = "python-dotenv-1.0.0.tar.gz", hash = "sha256:a8df96034aae6d2d50a4ebe8216326c61c3eb64836776504fcca410e5937a3ba"},
    {file = "python_dotenv-1.0.0-py3-none-any.whl", hash = "sha256:f5971a9226b701070a4bf2c38c89e5a3f0d64de8debda981d1db98583009122a"},
]

[package.extras]
cli = ["click (>=5.0)"]

[[package]]
name = "sqlparse"
version = "0.4.4"
description = "A non-validating SQL parser."
optional = false
python-versions = ">=3.5"
files = [
    {file = "sqlparse-0.4.4-py3-none-any.whl", hash = "sha256:5430a4fe2ac7d0f93e66f1efc6e1338a41884b7ddf2a350cedd20ccc4d9d28f3"},
    {file = "sqlparse-0.4.4.tar.gz", hash = "sha256:d446183e84b8349fa3061f0fe7f06ca94ba65b426946ffebe6e3e8295332420c"},
]

[package.extras]
dev = ["build", "flake8"]
doc = ["sphinx"]
test = ["pytest", "pytest-cov"]

[[package]]
name = "typing-extensions"
version = "4.8.0"
description = "Backported and Experimental Type Hints for Python 3.8+"
optional = false
python-versions = ">=3.8"
files = [
    {file = "typing_extensions-4.8.0-py3-none-any.whl", hash = "sha256:8f92fc8806f9a6b641eaa5318da32b44d401efaac0f6678c9bc448ba3605faa0"},
    {file = "typing_extensions-4.8.0.tar.gz", hash = "sha256:df8e4339e9cb77357558cbdbceca33c303714cf861d1eef15e1070055ae8b7ef"},
]

[[package]]
name = "tzdata"
version = "2023.3"
description = "Provider of IANA time zone data"
optional = false
python-versions = ">=2"
files = [
    {file = "tzdata-2023.3-py2.py3-none-any.whl", hash = "sha256:7e65763eef3120314099b6939b5546db7adce1e7d6f2e179e3df563c70511eda"},
    {file = "tzdata-2023.3.tar.gz", hash = "sha256:11ef1e08e54acb0d4f95bdb1be05da659673de4acbd21bf9c69e94cc5e907a3a"},
]

[metadata]
lock-version = "2.0"
python-versions = "^3.10"
content-hash = "e7bab01df8a0f5a3032f45e06f2ec99c40e7a39cfa72de23f3bfeeacaa80f942"
